
Microsoft Visual Studio Solution File, Format Version 12.00
# Visual Studio 15
VisualStudioVersion = 15.0.28307.329
MinimumVisualStudioVersion = 10.0.40219.1
Project("{888888A0-9F3D-457C-B088-3A5042F75D52}") = "FlaskWebProject1", "FlaskWebProject1.pyproj", "{7071D221-677E-4A55-9535-61361AC0C283}"
EndProject
Global
	GlobalSection(SolutionConfigurationPlatforms) = preSolution
		Debug|Any CPU = Debug|Any CPU
		Release|Any CPU = Release|Any CPU
	EndGlobalSection
	GlobalSection(ProjectConfigurationPlatforms) = postSolution
		{7071D221-677E-4A55-9535-61361AC0C283}.Debug|Any CPU.ActiveCfg = Debug|Any CPU
		{7071D221-677E-4A55-9535-61361AC0C283}.Debug|Any CPU.Build.0 = Debug|Any CPU
		{7071D221-677E-4A55-9535-61361AC0C283}.Release|Any CPU.ActiveCfg = Release|Any CPU
		{7071D221-677E-4A55-9535-61361AC0C283}.Release|Any CPU.Build.0 = Release|Any CPU
	EndGlobalSection
	GlobalSection(SolutionProperties) = preSolution
		HideSolutionNode = FALSE
	EndGlobalSection
	GlobalSection(ExtensibilityGlobals) = postSolution
		SolutionGuid = {DF16CDFC-C54A-4468-9175-DC67542E8B1D}
	EndGlobalSection
EndGlobal
